
Microsoft Visual Studio Solution File, Format Version 12.00
# Visual Studio 14
VisualStudioVersion = 14.0.22823.1
MinimumVisualStudioVersion = 10.0.40219.1
Project("{FAE04EC0-301F-11D3-BF4B-00C04F79EFBC}") = "DAL", "DAL\DAL.csproj", "{308EAAB9-3029-42C4-93E3-1EF6C1B6A22D}"
EndProject
Project("{FAE04EC0-301F-11D3-BF4B-00C04F79EFBC}") = "MyTests", "MyTests\MyTests.csproj", "{4C165D90-2375-4101-9DC2-345B1D52FA01}"
EndProject
Global
	GlobalSection(SolutionConfigurationPlatforms) = preSolution
		Debug|Any CPU = Debug|Any CPU
		Release|Any CPU = Release|Any CPU
	EndGlobalSection
	GlobalSection(ProjectConfigurationPlatforms) = postSolution
		{308EAAB9-3029-42C4-93E3-1EF6C1B6A22D}.Debug|Any CPU.ActiveCfg = Debug|Any CPU
		{308EAAB9-3029-42C4-93E3-1EF6C1B6A22D}.Debug|Any CPU.Build.0 = Debug|Any CPU
		{308EAAB9-3029-42C4-93E3-1EF6C1B6A22D}.Release|Any CPU.ActiveCfg = Release|Any CPU
		{308EAAB9-3029-42C4-93E3-1EF6C1B6A22D}.Release|Any CPU.Build.0 = Release|Any CPU
		{4C165D90-2375-4101-9DC2-345B1D52FA01}.Debug|Any CPU.ActiveCfg = Debug|Any CPU
		{4C165D90-2375-4101-9DC2-345B1D52FA01}.Debug|Any CPU.Build.0 = Debug|Any CPU
		{4C165D90-2375-4101-9DC2-345B1D52FA01}.Release|Any CPU.ActiveCfg = Release|Any CPU
		{4C165D90-2375-4101-9DC2-345B1D52FA01}.Release|Any CPU.Build.0 = Release|Any CPU
	EndGlobalSection
	GlobalSection(SolutionProperties) = preSolution
		HideSolutionNode = FALSE
	EndGlobalSection
EndGlobal
